
Microsoft Visual Studio Solution File, Format Version 12.00
# Visual Studio Version 16
VisualStudioVersion = 16.0.30503.244
MinimumVisualStudioVersion = 10.0.40219.1
Project("{FAE04EC0-301F-11D3-BF4B-00C04F79EFBC}") = "AddressBookSystem", "AddressBookSystem.csproj", "{13AA8338-8BA9-4E83-AA04-32EA9E5F0B57}"
EndProject
Global
	GlobalSection(SolutionConfigurationPlatforms) = preSolution
		Debug|Any CPU = Debug|Any CPU
		Release|Any CPU = Release|Any CPU
	EndGlobalSection
	GlobalSection(ProjectConfigurationPlatforms) = postSolution
		{13AA8338-8BA9-4E83-AA04-32EA9E5F0B57}.Debug|Any CPU.ActiveCfg = Debug|Any CPU
		{13AA8338-8BA9-4E83-AA04-32EA9E5F0B57}.Debug|Any CPU.Build.0 = Debug|Any CPU
		{13AA8338-8BA9-4E83-AA04-32EA9E5F0B57}.Release|Any CPU.ActiveCfg = Release|Any CPU
		{13AA8338-8BA9-4E83-AA04-32EA9E5F0B57}.Release|Any CPU.Build.0 = Release|Any CPU
	EndGlobalSection
	GlobalSection(SolutionProperties) = preSolution
		HideSolutionNode = FALSE
	EndGlobalSection
	GlobalSection(ExtensibilityGlobals) = postSolution
		SolutionGuid = {054D593E-8238-4411-83BA-E4D9B36CB123}
	EndGlobalSection
EndGlobal
